
Microsoft Visual Studio Solution File, Format Version 12.00
Project("{FAE04EC0-301F-11D3-BF4B-00C04F79EFBC}") = "UnrealEngine.Gvas", "UnrealEngine.Gvas\UnrealEngine.Gvas.csproj", "{89988B13-C29B-4D23-96B0-6B99568026FF}"
EndProject
Project("{FAE04EC0-301F-11D3-BF4B-00C04F79EFBC}") = "UnrealEngine.Gvas.Test", "UnrealEngine.Gvas.Test\UnrealEngine.Gvas.Test.csproj", "{53CD9704-F6C5-40BA-A9CA-760AA1FEF6AB}"
EndProject
Project("{FAE04EC0-301F-11D3-BF4B-00C04F79EFBC}") = "FNAFGameData", "FNAFGameData\FNAFGameData.csproj", "{BC3CA41D-76ED-4FB7-9991-914DCB720C35}"
EndProject
Project("{FAE04EC0-301F-11D3-BF4B-00C04F79EFBC}") = "SavToXml", "SavToXml\SavToXml.csproj", "{EB50A001-A592-47F4-B1BA-91DF4B4A5DEB}"
EndProject
Global
	GlobalSection(SolutionConfigurationPlatforms) = preSolution
		Debug|Any CPU = Debug|Any CPU
		Release|Any CPU = Release|Any CPU
	EndGlobalSection
	GlobalSection(ProjectConfigurationPlatforms) = postSolution
		{89988B13-C29B-4D23-96B0-6B99568026FF}.Debug|Any CPU.ActiveCfg = Debug|Any CPU
		{89988B13-C29B-4D23-96B0-6B99568026FF}.Debug|Any CPU.Build.0 = Debug|Any CPU
		{89988B13-C29B-4D23-96B0-6B99568026FF}.Release|Any CPU.ActiveCfg = Release|Any CPU
		{89988B13-C29B-4D23-96B0-6B99568026FF}.Release|Any CPU.Build.0 = Release|Any CPU
		{53CD9704-F6C5-40BA-A9CA-760AA1FEF6AB}.Debug|Any CPU.ActiveCfg = Debug|Any CPU
		{53CD9704-F6C5-40BA-A9CA-760AA1FEF6AB}.Debug|Any CPU.Build.0 = Debug|Any CPU
		{53CD9704-F6C5-40BA-A9CA-760AA1FEF6AB}.Release|Any CPU.ActiveCfg = Release|Any CPU
		{53CD9704-F6C5-40BA-A9CA-760AA1FEF6AB}.Release|Any CPU.Build.0 = Release|Any CPU
		{BC3CA41D-76ED-4FB7-9991-914DCB720C35}.Debug|Any CPU.ActiveCfg = Debug|Any CPU
		{BC3CA41D-76ED-4FB7-9991-914DCB720C35}.Debug|Any CPU.Build.0 = Debug|Any CPU
		{BC3CA41D-76ED-4FB7-9991-914DCB720C35}.Release|Any CPU.ActiveCfg = Release|Any CPU
		{BC3CA41D-76ED-4FB7-9991-914DCB720C35}.Release|Any CPU.Build.0 = Release|Any CPU
		{EB50A001-A592-47F4-B1BA-91DF4B4A5DEB}.Debug|Any CPU.ActiveCfg = Debug|Any CPU
		{EB50A001-A592-47F4-B1BA-91DF4B4A5DEB}.Debug|Any CPU.Build.0 = Debug|Any CPU
		{EB50A001-A592-47F4-B1BA-91DF4B4A5DEB}.Release|Any CPU.ActiveCfg = Release|Any CPU
		{EB50A001-A592-47F4-B1BA-91DF4B4A5DEB}.Release|Any CPU.Build.0 = Release|Any CPU
	EndGlobalSection
EndGlobal
